<?xml version="1.0" encoding="UTF-8"?>
<CodeBlocks_project_file>
	<FileVersion major="1" minor="6"/>
	<Project>
		<Option title="CpuBE"/>
		<Option makefile_is_custom="1"/>
		<Option compiler="gcc"/>
		<Option virtualFolders="CMake Files\;CMake Files\src\;"/>
		<Build>
			<Target title="all">
				<Option working_dir="/Users/nandofioretto/Repositories/NMSU/CUDA/cpuBE/.build"/>
				<Option type="4"/>
				<MakeCommands>
					<Build command="/usr/bin/make -j4 -f &quot;/Users/nandofioretto/Repositories/NMSU/CUDA/cpuBE/.build/Makefile&quot;  VERBOSE=1 all"/>
					<CompileFile command="/usr/bin/make -j4 -f &quot;/Users/nandofioretto/Repositories/NMSU/CUDA/cpuBE/.build/Makefile&quot;  VERBOSE=1 &quot;$file&quot;"/>
					<Clean command="/usr/bin/make -j4 -f &quot;/Users/nandofioretto/Repositories/NMSU/CUDA/cpuBE/.build/Makefile&quot;  VERBOSE=1 clean"/>
					<DistClean command="/usr/bin/make -j4 -f &quot;/Users/nandofioretto/Repositories/NMSU/CUDA/cpuBE/.build/Makefile&quot;  VERBOSE=1 clean"/>
				</MakeCommands>
			</Target>
			<Target title="edit_cache">
				<Option working_dir="/Users/nandofioretto/Repositories/NMSU/CUDA/cpuBE/.build"/>
				<Option type="4"/>
				<MakeCommands>
					<Build command="/usr/bin/make -j4 -f &quot;/Users/nandofioretto/Repositories/NMSU/CUDA/cpuBE/.build/Makefile&quot;  VERBOSE=1 edit_cache"/>
					<CompileFile command="/usr/bin/make -j4 -f &quot;/Users/nandofioretto/Repositories/NMSU/CUDA/cpuBE/.build/Makefile&quot;  VERBOSE=1 &quot;$file&quot;"/>
					<Clean command="/usr/bin/make -j4 -f &quot;/Users/nandofioretto/Repositories/NMSU/CUDA/cpuBE/.build/Makefile&quot;  VERBOSE=1 clean"/>
					<DistClean command="/usr/bin/make -j4 -f &quot;/Users/nandofioretto/Repositories/NMSU/CUDA/cpuBE/.build/Makefile&quot;  VERBOSE=1 clean"/>
				</MakeCommands>
			</Target>
			<Target title="rebuild_cache">
				<Option working_dir="/Users/nandofioretto/Repositories/NMSU/CUDA/cpuBE/.build"/>
				<Option type="4"/>
				<MakeCommands>
					<Build command="/usr/bin/make -j4 -f &quot;/Users/nandofioretto/Repositories/NMSU/CUDA/cpuBE/.build/Makefile&quot;  VERBOSE=1 rebuild_cache"/>
					<CompileFile command="/usr/bin/make -j4 -f &quot;/Users/nandofioretto/Repositories/NMSU/CUDA/cpuBE/.build/Makefile&quot;  VERBOSE=1 &quot;$file&quot;"/>
					<Clean command="/usr/bin/make -j4 -f &quot;/Users/nandofioretto/Repositories/NMSU/CUDA/cpuBE/.build/Makefile&quot;  VERBOSE=1 clean"/>
					<DistClean command="/usr/bin/make -j4 -f &quot;/Users/nandofioretto/Repositories/NMSU/CUDA/cpuBE/.build/Makefile&quot;  VERBOSE=1 clean"/>
				</MakeCommands>
			</Target>
			<Target title="cpuBE">
				<Option output="/Users/nandofioretto/Repositories/NMSU/CUDA/cpuBE/bin/cpuBE" prefix_auto="0" extension_auto="0"/>
				<Option working_dir="/Users/nandofioretto/Repositories/NMSU/CUDA/cpuBE/bin"/>
				<Option object_output="./"/>
				<Option type="1"/>
				<Option compiler="gcc"/>
				<Compiler>
					<Add directory="/Users/nandofioretto/Repositories/NMSU/CUDA/cpuBE/.build"/>
					<Add directory="/Users/nandofioretto/Repositories/NMSU/CUDA/cpuBE/lib/rapidxml-1.13"/>
					<Add directory="/Users/nandofioretto/Repositories/NMSU/CUDA/cpuBE/lib/misc_utils"/>
					<Add directory="/Users/nandofioretto/Repositories/NMSU/CUDA/cpuBE/lib/logger"/>
					<Add directory="/Users/nandofioretto/Repositories/NMSU/CUDA/cpuBE/src"/>
					<Add directory="/usr/local/include"/>
					<Add directory="/Library/Developer/CommandLineTools/usr/bin/../lib/clang/8.0.0/include"/>
					<Add directory="/Library/Developer/CommandLineTools/usr/include"/>
					<Add directory="/usr/include"/>
					<Add directory="/System/Library/Frameworks"/>
					<Add directory="/Library/Frameworks"/>
					<Add directory="/Library/Developer/CommandLineTools/usr/bin/../include/c++/v1"/>
				</Compiler>
				<MakeCommands>
					<Build command="/usr/bin/make -j4 -f &quot;/Users/nandofioretto/Repositories/NMSU/CUDA/cpuBE/.build/Makefile&quot;  VERBOSE=1 cpuBE"/>
					<CompileFile command="/usr/bin/make -j4 -f &quot;/Users/nandofioretto/Repositories/NMSU/CUDA/cpuBE/.build/Makefile&quot;  VERBOSE=1 &quot;$file&quot;"/>
					<Clean command="/usr/bin/make -j4 -f &quot;/Users/nandofioretto/Repositories/NMSU/CUDA/cpuBE/.build/Makefile&quot;  VERBOSE=1 clean"/>
					<DistClean command="/usr/bin/make -j4 -f &quot;/Users/nandofioretto/Repositories/NMSU/CUDA/cpuBE/.build/Makefile&quot;  VERBOSE=1 clean"/>
				</MakeCommands>
			</Target>
			<Target title="cpuBE/fast">
				<Option output="/Users/nandofioretto/Repositories/NMSU/CUDA/cpuBE/bin/cpuBE" prefix_auto="0" extension_auto="0"/>
				<Option working_dir="/Users/nandofioretto/Repositories/NMSU/CUDA/cpuBE/bin"/>
				<Option object_output="./"/>
				<Option type="1"/>
				<Option compiler="gcc"/>
				<Compiler>
					<Add directory="/Users/nandofioretto/Repositories/NMSU/CUDA/cpuBE/.build"/>
					<Add directory="/Users/nandofioretto/Repositories/NMSU/CUDA/cpuBE/lib/rapidxml-1.13"/>
					<Add directory="/Users/nandofioretto/Repositories/NMSU/CUDA/cpuBE/lib/misc_utils"/>
					<Add directory="/Users/nandofioretto/Repositories/NMSU/CUDA/cpuBE/lib/logger"/>
					<Add directory="/Users/nandofioretto/Repositories/NMSU/CUDA/cpuBE/src"/>
					<Add directory="/usr/local/include"/>
					<Add directory="/Library/Developer/CommandLineTools/usr/bin/../lib/clang/8.0.0/include"/>
					<Add directory="/Library/Developer/CommandLineTools/usr/include"/>
					<Add directory="/usr/include"/>
					<Add directory="/System/Library/Frameworks"/>
					<Add directory="/Library/Frameworks"/>
					<Add directory="/Library/Developer/CommandLineTools/usr/bin/../include/c++/v1"/>
				</Compiler>
				<MakeCommands>
					<Build command="/usr/bin/make -j4 -f &quot;/Users/nandofioretto/Repositories/NMSU/CUDA/cpuBE/.build/Makefile&quot;  VERBOSE=1 cpuBE/fast"/>
					<CompileFile command="/usr/bin/make -j4 -f &quot;/Users/nandofioretto/Repositories/NMSU/CUDA/cpuBE/.build/Makefile&quot;  VERBOSE=1 &quot;$file&quot;"/>
					<Clean command="/usr/bin/make -j4 -f &quot;/Users/nandofioretto/Repositories/NMSU/CUDA/cpuBE/.build/Makefile&quot;  VERBOSE=1 clean"/>
					<DistClean command="/usr/bin/make -j4 -f &quot;/Users/nandofioretto/Repositories/NMSU/CUDA/cpuBE/.build/Makefile&quot;  VERBOSE=1 clean"/>
				</MakeCommands>
			</Target>
			<Target title="cpuBE_core">
				<Option output="/Users/nandofioretto/Repositories/NMSU/CUDA/cpuBE/lib/libcpuBE_core.a" prefix_auto="0" extension_auto="0"/>
				<Option working_dir="/Users/nandofioretto/Repositories/NMSU/CUDA/cpuBE/.build/src"/>
				<Option object_output="./"/>
				<Option type="2"/>
				<Option compiler="gcc"/>
				<Compiler>
					<Add directory="/Users/nandofioretto/Repositories/NMSU/CUDA/cpuBE/.build"/>
					<Add directory="/Users/nandofioretto/Repositories/NMSU/CUDA/cpuBE/lib/rapidxml-1.13"/>
					<Add directory="/Users/nandofioretto/Repositories/NMSU/CUDA/cpuBE/lib/misc_utils"/>
					<Add directory="/Users/nandofioretto/Repositories/NMSU/CUDA/cpuBE/lib/logger"/>
					<Add directory="/Users/nandofioretto/Repositories/NMSU/CUDA/cpuBE/src"/>
					<Add directory="/usr/local/include"/>
					<Add directory="/Library/Developer/CommandLineTools/usr/bin/../lib/clang/8.0.0/include"/>
					<Add directory="/Library/Developer/CommandLineTools/usr/include"/>
					<Add directory="/usr/include"/>
					<Add directory="/System/Library/Frameworks"/>
					<Add directory="/Library/Frameworks"/>
					<Add directory="/Library/Developer/CommandLineTools/usr/bin/../include/c++/v1"/>
				</Compiler>
				<MakeCommands>
					<Build command="/usr/bin/make -j4 -f &quot;/Users/nandofioretto/Repositories/NMSU/CUDA/cpuBE/.build/src/Makefile&quot;  VERBOSE=1 cpuBE_core"/>
					<CompileFile command="/usr/bin/make -j4 -f &quot;/Users/nandofioretto/Repositories/NMSU/CUDA/cpuBE/.build/src/Makefile&quot;  VERBOSE=1 &quot;$file&quot;"/>
					<Clean command="/usr/bin/make -j4 -f &quot;/Users/nandofioretto/Repositories/NMSU/CUDA/cpuBE/.build/src/Makefile&quot;  VERBOSE=1 clean"/>
					<DistClean command="/usr/bin/make -j4 -f &quot;/Users/nandofioretto/Repositories/NMSU/CUDA/cpuBE/.build/src/Makefile&quot;  VERBOSE=1 clean"/>
				</MakeCommands>
			</Target>
			<Target title="cpuBE_core/fast">
				<Option output="/Users/nandofioretto/Repositories/NMSU/CUDA/cpuBE/lib/libcpuBE_core.a" prefix_auto="0" extension_auto="0"/>
				<Option working_dir="/Users/nandofioretto/Repositories/NMSU/CUDA/cpuBE/.build/src"/>
				<Option object_output="./"/>
				<Option type="2"/>
				<Option compiler="gcc"/>
				<Compiler>
					<Add directory="/Users/nandofioretto/Repositories/NMSU/CUDA/cpuBE/.build"/>
					<Add directory="/Users/nandofioretto/Repositories/NMSU/CUDA/cpuBE/lib/rapidxml-1.13"/>
					<Add directory="/Users/nandofioretto/Repositories/NMSU/CUDA/cpuBE/lib/misc_utils"/>
					<Add directory="/Users/nandofioretto/Repositories/NMSU/CUDA/cpuBE/lib/logger"/>
					<Add directory="/Users/nandofioretto/Repositories/NMSU/CUDA/cpuBE/src"/>
					<Add directory="/usr/local/include"/>
					<Add directory="/Library/Developer/CommandLineTools/usr/bin/../lib/clang/8.0.0/include"/>
					<Add directory="/Library/Developer/CommandLineTools/usr/include"/>
					<Add directory="/usr/include"/>
					<Add directory="/System/Library/Frameworks"/>
					<Add directory="/Library/Frameworks"/>
					<Add directory="/Library/Developer/CommandLineTools/usr/bin/../include/c++/v1"/>
				</Compiler>
				<MakeCommands>
					<Build command="/usr/bin/make -j4 -f &quot;/Users/nandofioretto/Repositories/NMSU/CUDA/cpuBE/.build/src/Makefile&quot;  VERBOSE=1 cpuBE_core/fast"/>
					<CompileFile command="/usr/bin/make -j4 -f &quot;/Users/nandofioretto/Repositories/NMSU/CUDA/cpuBE/.build/src/Makefile&quot;  VERBOSE=1 &quot;$file&quot;"/>
					<Clean command="/usr/bin/make -j4 -f &quot;/Users/nandofioretto/Repositories/NMSU/CUDA/cpuBE/.build/src/Makefile&quot;  VERBOSE=1 clean"/>
					<DistClean command="/usr/bin/make -j4 -f &quot;/Users/nandofioretto/Repositories/NMSU/CUDA/cpuBE/.build/src/Makefile&quot;  VERBOSE=1 clean"/>
				</MakeCommands>
			</Target>
		</Build>
		<Unit filename="/Users/nandofioretto/Repositories/NMSU/CUDA/cpuBE/lib/logger/easylogging++.cc">
			<Option target="cpuBE"/>
		</Unit>
		<Unit filename="/Users/nandofioretto/Repositories/NMSU/CUDA/cpuBE/lib/logger/easylogging++.h">
			<Option target="cpuBE"/>
		</Unit>
		<Unit filename="/Users/nandofioretto/Repositories/NMSU/CUDA/cpuBE/main.cpp">
			<Option target="cpuBE"/>
		</Unit>
		<Unit filename="/Users/nandofioretto/Repositories/NMSU/CUDA/cpuBE/src/Agent.hpp">
			<Option target="cpuBE_core"/>
		</Unit>
		<Unit filename="/Users/nandofioretto/Repositories/NMSU/CUDA/cpuBE/src/AgentFactory.cpp">
			<Option target="cpuBE_core"/>
		</Unit>
		<Unit filename="/Users/nandofioretto/Repositories/NMSU/CUDA/cpuBE/src/AgentFactory.hpp">
			<Option target="cpuBE_core"/>
		</Unit>
		<Unit filename="/Users/nandofioretto/Repositories/NMSU/CUDA/cpuBE/src/Assert.hpp">
			<Option target="cpuBE_core"/>
		</Unit>
		<Unit filename="/Users/nandofioretto/Repositories/NMSU/CUDA/cpuBE/src/BE/BESolver.cpp">
			<Option target="cpuBE_core"/>
		</Unit>
		<Unit filename="/Users/nandofioretto/Repositories/NMSU/CUDA/cpuBE/src/BE/BESolver.hpp">
			<Option target="cpuBE_core"/>
		</Unit>
		<Unit filename="/Users/nandofioretto/Repositories/NMSU/CUDA/cpuBE/src/BE/CpuAggregator.cpp">
			<Option target="cpuBE_core"/>
		</Unit>
		<Unit filename="/Users/nandofioretto/Repositories/NMSU/CUDA/cpuBE/src/BE/CpuAggregator.hpp">
			<Option target="cpuBE_core"/>
		</Unit>
		<Unit filename="/Users/nandofioretto/Repositories/NMSU/CUDA/cpuBE/src/BE/CpuBEAgent.cpp">
			<Option target="cpuBE_core"/>
		</Unit>
		<Unit filename="/Users/nandofioretto/Repositories/NMSU/CUDA/cpuBE/src/BE/CpuBEAgent.hpp">
			<Option target="cpuBE_core"/>
		</Unit>
		<Unit filename="/Users/nandofioretto/Repositories/NMSU/CUDA/cpuBE/src/BE/CpuProjector.cpp">
			<Option target="cpuBE_core"/>
		</Unit>
		<Unit filename="/Users/nandofioretto/Repositories/NMSU/CUDA/cpuBE/src/BE/CpuProjector.hpp">
			<Option target="cpuBE_core"/>
		</Unit>
		<Unit filename="/Users/nandofioretto/Repositories/NMSU/CUDA/cpuBE/src/BE/CpuTable.cpp">
			<Option target="cpuBE_core"/>
		</Unit>
		<Unit filename="/Users/nandofioretto/Repositories/NMSU/CUDA/cpuBE/src/BE/CpuTable.hpp">
			<Option target="cpuBE_core"/>
		</Unit>
		<Unit filename="/Users/nandofioretto/Repositories/NMSU/CUDA/cpuBE/src/BooleanExpression.hpp">
			<Option target="cpuBE_core"/>
		</Unit>
		<Unit filename="/Users/nandofioretto/Repositories/NMSU/CUDA/cpuBE/src/Constant.hpp">
			<Option target="cpuBE_core"/>
		</Unit>
		<Unit filename="/Users/nandofioretto/Repositories/NMSU/CUDA/cpuBE/src/ConstantFactory.hpp">
			<Option target="cpuBE_core"/>
		</Unit>
		<Unit filename="/Users/nandofioretto/Repositories/NMSU/CUDA/cpuBE/src/Constraint.hpp">
			<Option target="cpuBE_core"/>
		</Unit>
		<Unit filename="/Users/nandofioretto/Repositories/NMSU/CUDA/cpuBE/src/ConstraintFactory.cpp">
			<Option target="cpuBE_core"/>
		</Unit>
		<Unit filename="/Users/nandofioretto/Repositories/NMSU/CUDA/cpuBE/src/ConstraintFactory.hpp">
			<Option target="cpuBE_core"/>
		</Unit>
		<Unit filename="/Users/nandofioretto/Repositories/NMSU/CUDA/cpuBE/src/InputParams.cpp">
			<Option target="cpuBE_core"/>
		</Unit>
		<Unit filename="/Users/nandofioretto/Repositories/NMSU/CUDA/cpuBE/src/InputParams.hpp">
			<Option target="cpuBE_core"/>
		</Unit>
		<Unit filename="/Users/nandofioretto/Repositories/NMSU/CUDA/cpuBE/src/MiniBE/CpuMiniBEAgent.cpp">
			<Option target="cpuBE_core"/>
		</Unit>
		<Unit filename="/Users/nandofioretto/Repositories/NMSU/CUDA/cpuBE/src/MiniBE/CpuMiniBEAgent.hpp">
			<Option target="cpuBE_core"/>
		</Unit>
		<Unit filename="/Users/nandofioretto/Repositories/NMSU/CUDA/cpuBE/src/MulConstraint.hpp">
			<Option target="cpuBE_core"/>
		</Unit>
		<Unit filename="/Users/nandofioretto/Repositories/NMSU/CUDA/cpuBE/src/PbalanceConstraint.h">
			<Option target="cpuBE_core"/>
		</Unit>
		<Unit filename="/Users/nandofioretto/Repositories/NMSU/CUDA/cpuBE/src/Preferences.cpp">
			<Option target="cpuBE_core"/>
		</Unit>
		<Unit filename="/Users/nandofioretto/Repositories/NMSU/CUDA/cpuBE/src/Preferences.hpp">
			<Option target="cpuBE_core"/>
		</Unit>
		<Unit filename="/Users/nandofioretto/Repositories/NMSU/CUDA/cpuBE/src/Problem.cpp">
			<Option target="cpuBE_core"/>
		</Unit>
		<Unit filename="/Users/nandofioretto/Repositories/NMSU/CUDA/cpuBE/src/Problem.hpp">
			<Option target="cpuBE_core"/>
		</Unit>
		<Unit filename="/Users/nandofioretto/Repositories/NMSU/CUDA/cpuBE/src/QbalanceConstraint.h">
			<Option target="cpuBE_core"/>
		</Unit>
		<Unit filename="/Users/nandofioretto/Repositories/NMSU/CUDA/cpuBE/src/Solver.hpp">
			<Option target="cpuBE_core"/>
		</Unit>
		<Unit filename="/Users/nandofioretto/Repositories/NMSU/CUDA/cpuBE/src/TableConstraint.hpp">
			<Option target="cpuBE_core"/>
		</Unit>
		<Unit filename="/Users/nandofioretto/Repositories/NMSU/CUDA/cpuBE/src/Types.cpp">
			<Option target="cpuBE_core"/>
		</Unit>
		<Unit filename="/Users/nandofioretto/Repositories/NMSU/CUDA/cpuBE/src/Types.hpp">
			<Option target="cpuBE_core"/>
		</Unit>
		<Unit filename="/Users/nandofioretto/Repositories/NMSU/CUDA/cpuBE/src/Utils/CpuAllocator.cpp">
			<Option target="cpuBE_core"/>
		</Unit>
		<Unit filename="/Users/nandofioretto/Repositories/NMSU/CUDA/cpuBE/src/Utils/CpuAllocator.hpp">
			<Option target="cpuBE_core"/>
		</Unit>
		<Unit filename="/Users/nandofioretto/Repositories/NMSU/CUDA/cpuBE/src/Utils/CpuInfo.cpp">
			<Option target="cpuBE_core"/>
		</Unit>
		<Unit filename="/Users/nandofioretto/Repositories/NMSU/CUDA/cpuBE/src/Utils/CpuInfo.hpp">
			<Option target="cpuBE_core"/>
		</Unit>
		<Unit filename="/Users/nandofioretto/Repositories/NMSU/CUDA/cpuBE/src/Utils/Permutation.hpp">
			<Option target="cpuBE_core"/>
		</Unit>
		<Unit filename="/Users/nandofioretto/Repositories/NMSU/CUDA/cpuBE/src/Utils/Timer.hpp">
			<Option target="cpuBE_core"/>
		</Unit>
		<Unit filename="/Users/nandofioretto/Repositories/NMSU/CUDA/cpuBE/src/Utils/Transform.hpp">
			<Option target="cpuBE_core"/>
		</Unit>
		<Unit filename="/Users/nandofioretto/Repositories/NMSU/CUDA/cpuBE/src/Utils/xmlutils.h">
			<Option target="cpuBE_core"/>
		</Unit>
		<Unit filename="/Users/nandofioretto/Repositories/NMSU/CUDA/cpuBE/src/Variable.cpp">
			<Option target="cpuBE_core"/>
		</Unit>
		<Unit filename="/Users/nandofioretto/Repositories/NMSU/CUDA/cpuBE/src/Variable.hpp">
			<Option target="cpuBE_core"/>
		</Unit>
		<Unit filename="/Users/nandofioretto/Repositories/NMSU/CUDA/cpuBE/src/VariableFactory.cpp">
			<Option target="cpuBE_core"/>
		</Unit>
		<Unit filename="/Users/nandofioretto/Repositories/NMSU/CUDA/cpuBE/src/VariableFactory.hpp">
			<Option target="cpuBE_core"/>
		</Unit>
		<Unit filename="/Users/nandofioretto/Repositories/NMSU/CUDA/cpuBE/src/WSumConstraint.hpp">
			<Option target="cpuBE_core"/>
		</Unit>
		<Unit filename="/Users/nandofioretto/Repositories/NMSU/CUDA/cpuBE/src/XmulCConstraint.hpp">
			<Option target="cpuBE_core"/>
		</Unit>
		<Unit filename="/Users/nandofioretto/Repositories/NMSU/CUDA/cpuBE/CMakeLists.txt">
			<Option virtualFolder="CMake Files\"/>
		</Unit>
		<Unit filename="/Users/nandofioretto/Repositories/NMSU/CUDA/cpuBE/src/CMakeLists.txt">
			<Option virtualFolder="CMake Files\src\"/>
		</Unit>
	</Project>
</CodeBlocks_project_file>
